{
  "requires": true,
  "lockfileVersion": 1,
  "dependencies": {
    "@angular/flex-layout": {
      "version": "6.0.0-beta.15",
      "resolved": "https://registry.npmjs.org/@angular/flex-layout/-/flex-layout-6.0.0-beta.15.tgz",
      "integrity": "sha512-Tu3BMzxAJppLnHicII8gUS2dnkSfAEy5/rxI6eSo6CH9z5uz+h/Q2gj2j7V53y9IyqTgIugvKzPa9/3jB+R8/w==",
      "requires": {
        "tslib": "1.9.1"
      }
    },
    "tslib": {
      "version": "1.9.1",
      "resolved": "https://registry.npmjs.org/tslib/-/tslib-1.9.1.tgz",
      "integrity": "sha512-avfPS28HmGLLc2o4elcc2EIq2FcH++Yo5YxpBZi9Yw93BCTGFthI4HPE4Rpep6vSYQaK8e69PelM44tPj+RaQg=="
    }
  }
}
